
Microsoft Visual Studio Solution File, Format Version 12.00
# Visual Studio Version 17
VisualStudioVersion = 17.3.32519.111
MinimumVisualStudioVersion = 10.0.40219.1
Project("{9A19103F-16F7-4668-BE54-9A1E7A4F7556}") = "MyMinesweeper", "MyMinesweeper\MyMinesweeper.csproj", "{FD15F684-C06B-4967-B8B1-8BB4D410A56E}"
EndProject
Project("{9A19103F-16F7-4668-BE54-9A1E7A4F7556}") = "NUnit_MyMinesweeper.Tests", "NUnit_MyMinesweeper.Tests\NUnit_MyMinesweeper.Tests.csproj", "{47B911FD-EA5E-4AFB-8E5C-11A1B8D67DAF}"
EndProject
Project("{2150E333-8FDC-42A3-9474-1A3956D46DE8}") = "Solution Items", "Solution Items", "{AF332184-F830-4EA6-925F-2B95DCC6DE56}"
	ProjectSection(SolutionItems) = preProject
		README.md = README.md
	EndProjectSection
EndProject
Global
	GlobalSection(SolutionConfigurationPlatforms) = preSolution
		Debug|Any CPU = Debug|Any CPU
		Release|Any CPU = Release|Any CPU
	EndGlobalSection
	GlobalSection(ProjectConfigurationPlatforms) = postSolution
		{FD15F684-C06B-4967-B8B1-8BB4D410A56E}.Debug|Any CPU.ActiveCfg = Debug|Any CPU
		{FD15F684-C06B-4967-B8B1-8BB4D410A56E}.Debug|Any CPU.Build.0 = Debug|Any CPU
		{FD15F684-C06B-4967-B8B1-8BB4D410A56E}.Release|Any CPU.ActiveCfg = Release|Any CPU
		{FD15F684-C06B-4967-B8B1-8BB4D410A56E}.Release|Any CPU.Build.0 = Release|Any CPU
		{47B911FD-EA5E-4AFB-8E5C-11A1B8D67DAF}.Debug|Any CPU.ActiveCfg = Debug|Any CPU
		{47B911FD-EA5E-4AFB-8E5C-11A1B8D67DAF}.Debug|Any CPU.Build.0 = Debug|Any CPU
		{47B911FD-EA5E-4AFB-8E5C-11A1B8D67DAF}.Release|Any CPU.ActiveCfg = Release|Any CPU
		{47B911FD-EA5E-4AFB-8E5C-11A1B8D67DAF}.Release|Any CPU.Build.0 = Release|Any CPU
	EndGlobalSection
	GlobalSection(SolutionProperties) = preSolution
		HideSolutionNode = FALSE
	EndGlobalSection
	GlobalSection(ExtensibilityGlobals) = postSolution
		SolutionGuid = {3166FE1B-3324-4963-B5CA-C9CC83C9EDC4}
	EndGlobalSection
EndGlobal
